Microsoft Visual Studio Solution File, Format Version 12.00
# Visual Studio 15
VisualStudioVersion = 15.0.26730.16
MinimumVisualStudioVersion = 10.0.40219.1
Project("{F184B08F-C81C-45F6-A57F-5ABD9991F28F}") = "WinFormsExample", "WinFormsExample\WinFormsExample.vbproj", "{3D3AB7A0-3E4D-405E-9B3E-0570AA7E0382}"
EndProject
Global
	GlobalSection(SolutionConfigurationPlatforms) = preSolution
		Debug|Any CPU = Debug|Any CPU
		Release|Any CPU = Release|Any CPU
	EndGlobalSection
	GlobalSection(ProjectConfigurationPlatforms) = postSolution
		{3D3AB7A0-3E4D-405E-9B3E-0570AA7E0382}.Debug|Any CPU.ActiveCfg = Debug|Any CPU
		{3D3AB7A0-3E4D-405E-9B3E-0570AA7E0382}.Debug|Any CPU.Build.0 = Debug|Any CPU
		{3D3AB7A0-3E4D-405E-9B3E-0570AA7E0382}.Release|Any CPU.ActiveCfg = Release|Any CPU
		{3D3AB7A0-3E4D-405E-9B3E-0570AA7E0382}.Release|Any CPU.Build.0 = Release|Any CPU
	EndGlobalSection
	GlobalSection(SolutionProperties) = preSolution
		HideSolutionNode = FALSE
	EndGlobalSection
	GlobalSection(ExtensibilityGlobals) = postSolution
		SolutionGuid = {1F05B8AC-4E5A-4EC4-9C77-36F9B285FBA0}
	EndGlobalSection
EndGlobal
